
Microsoft Visual Studio Solution File, Format Version 12.00
# Visual Studio Version 17
VisualStudioVersion = 17.8.34511.84
MinimumVisualStudioVersion = 10.0.40219.1
Project("{FAE04EC0-301F-11D3-BF4B-00C04F79EFBC}") = "Mission04_Take2_Team0314", "Mission04_Take2_Team0314.csproj", "{59F4542F-E949-49FC-8A05-F9F34BCAC8DD}"
EndProject
Global
	GlobalSection(SolutionConfigurationPlatforms) = preSolution
		Debug|Any CPU = Debug|Any CPU
		Release|Any CPU = Release|Any CPU
	EndGlobalSection
	GlobalSection(ProjectConfigurationPlatforms) = postSolution
		{59F4542F-E949-49FC-8A05-F9F34BCAC8DD}.Debug|Any CPU.ActiveCfg = Debug|Any CPU
		{59F4542F-E949-49FC-8A05-F9F34BCAC8DD}.Debug|Any CPU.Build.0 = Debug|Any CPU
		{59F4542F-E949-49FC-8A05-F9F34BCAC8DD}.Release|Any CPU.ActiveCfg = Release|Any CPU
		{59F4542F-E949-49FC-8A05-F9F34BCAC8DD}.Release|Any CPU.Build.0 = Release|Any CPU
	EndGlobalSection
	GlobalSection(SolutionProperties) = preSolution
		HideSolutionNode = FALSE
	EndGlobalSection
	GlobalSection(ExtensibilityGlobals) = postSolution
		SolutionGuid = {F770119F-16F5-45E2-9596-CEB87747BC76}
	EndGlobalSection
EndGlobal
